
Microsoft Visual Studio Solution File, Format Version 12.00
# Visual Studio 15
VisualStudioVersion = 15.0.28307.271
MinimumVisualStudioVersion = 10.0.40219.1
Project("{FAE04EC0-301F-11D3-BF4B-00C04F79EFBC}") = "Compiler", "Compiler\Compiler.csproj", "{156F2F63-1F7C-4250-B4C6-F6D27875228B}"
EndProject
Project("{2150E333-8FDC-42A3-9474-1A3956D46DE8}") = "Solution Items", "Solution Items", "{F9168B4D-76F3-4095-9AA7-3F14C3E67E42}"
EndProject
Global
	GlobalSection(SolutionConfigurationPlatforms) = preSolution
		Debug|Any CPU = Debug|Any CPU
		Release|Any CPU = Release|Any CPU
	EndGlobalSection
	GlobalSection(ProjectConfigurationPlatforms) = postSolution
		{156F2F63-1F7C-4250-B4C6-F6D27875228B}.Debug|Any CPU.ActiveCfg = Debug|Any CPU
		{156F2F63-1F7C-4250-B4C6-F6D27875228B}.Debug|Any CPU.Build.0 = Debug|Any CPU
		{156F2F63-1F7C-4250-B4C6-F6D27875228B}.Release|Any CPU.ActiveCfg = Release|Any CPU
		{156F2F63-1F7C-4250-B4C6-F6D27875228B}.Release|Any CPU.Build.0 = Release|Any CPU
	EndGlobalSection
	GlobalSection(SolutionProperties) = preSolution
		HideSolutionNode = FALSE
	EndGlobalSection
	GlobalSection(ExtensibilityGlobals) = postSolution
		SolutionGuid = {8F529380-2ECC-4121-A7CD-CCB5C6D75571}
	EndGlobalSection
EndGlobal
